// !$*UTF8*$!
{
	archiveVersion = 1;
	classes = {
	};
	objectVersion = 55;
	objects = {

/* Begin PBXBuildFile section */
		3F6810EF28059BEF0039A6B7 /* cultureRelic.json in Resources */ = {isa = PBXBuildFile; fileRef = 3F6810EA28059BEF0039A6B7 /* cultureRelic.json */; };
		3F6810F028059BEF0039A6B7 /* introduce.json in Resources */ = {isa = PBXBuildFile; fileRef = 3F6810EB28059BEF0039A6B7 /* introduce.json */; };
		3F6810F128059BEF0039A6B7 /* Introduce.swift in Sources */ = {isa = PBXBuildFile; fileRef = 3F6810ED28059BEF0039A6B7 /* Introduce.swift */; };
		3F6810F228059BEF0039A6B7 /* CultureRelic.swift in Sources */ = {isa = PBXBuildFile; fileRef = 3F6810EE28059BEF0039A6B7 /* CultureRelic.swift */; };
		3F6810F428059C160039A6B7 /* StudyViewController.swift in Sources */ = {isa = PBXBuildFile; fileRef = 3F6810F328059C160039A6B7 /* StudyViewController.swift */; };
		3FC033D827EDDBBB00305127 /* UITabBarItem + Extension.swift in Sources */ = {isa = PBXBuildFile; fileRef = 3FC033D727EDDBBB00305127 /* UITabBarItem + Extension.swift */; };
		3FC033E227EDEE1D00305127 /* HelpFarmersViewController.swift in Sources */ = {isa = PBXBuildFile; fileRef = 3FC033E127EDEE1D00305127 /* HelpFarmersViewController.swift */; };
		3FC033E627EDEE4900305127 /* MineViewController.swift in Sources */ = {isa = PBXBuildFile; fileRef = 3FC033E527EDEE4900305127 /* MineViewController.swift */; };
		3FC1466627FDB7950064CBF8 /* OrderViewController.swift in Sources */ = {isa = PBXBuildFile; fileRef = 3FC1466527FDB7950064CBF8 /* OrderViewController.swift */; };
		3FC1466C27FDB7B60064CBF8 /* PurchaseQuantityCell.swift in Sources */ = {isa = PBXBuildFile; fileRef = 3FC1466727FDB7B60064CBF8 /* PurchaseQuantityCell.swift */; };
		3FC1466D27FDB7B60064CBF8 /* ReceiveAddressCell.swift in Sources */ = {isa = PBXBuildFile; fileRef = 3FC1466827FDB7B60064CBF8 /* ReceiveAddressCell.swift */; };
		3FC1466E27FDB7B60064CBF8 /* UnitPriceCell.swift in Sources */ = {isa = PBXBuildFile; fileRef = 3FC1466927FDB7B60064CBF8 /* UnitPriceCell.swift */; };
		3FC1466F27FDB7B60064CBF8 /* ProductOrderCell.swift in Sources */ = {isa = PBXBuildFile; fileRef = 3FC1466A27FDB7B60064CBF8 /* ProductOrderCell.swift */; };
		3FC1467027FDB7B60064CBF8 /* OrderRemarksCell.swift in Sources */ = {isa = PBXBuildFile; fileRef = 3FC1466B27FDB7B60064CBF8 /* OrderRemarksCell.swift */; };
		7E50C44127F152690041BA4C /* CityCollectionViewCell.swift in Sources */ = {isa = PBXBuildFile; fileRef = 7E50C44027F152690041BA4C /* CityCollectionViewCell.swift */; };
		7E50C44327F1963A0041BA4C /* CityViewController.swift in Sources */ = {isa = PBXBuildFile; fileRef = 7E50C44227F1963A0041BA4C /* CityViewController.swift */; };
		7E50C44627F1A29F0041BA4C /* MineDataCollectionViewCell.swift in Sources */ = {isa = PBXBuildFile; fileRef = 7E50C44527F1A29F0041BA4C /* MineDataCollectionViewCell.swift */; };
		7E50C44827F1CCA10041BA4C /* MedalCollectionViewCell.swift in Sources */ = {isa = PBXBuildFile; fileRef = 7E50C44727F1CCA10041BA4C /* MedalCollectionViewCell.swift */; };
		7E50C44B27F1F5160041BA4C /* TravelCollectionViewCell.swift in Sources */ = {isa = PBXBuildFile; fileRef = 7E50C44A27F1F5150041BA4C /* TravelCollectionViewCell.swift */; };
		7E9182FE27F46AB200F692C3 /* EditDataViewController.swift in Sources */ = {isa = PBXBuildFile; fileRef = 7E9182FD27F46AB200F692C3 /* EditDataViewController.swift */; };
		7E91830027F4724800F692C3 /* EditTableViewCell.swift in Sources */ = {isa = PBXBuildFile; fileRef = 7E9182FF27F4724800F692C3 /* EditTableViewCell.swift */; };
		7E91830227F47DC800F692C3 /* SetViewController.swift in Sources */ = {isa = PBXBuildFile; fileRef = 7E91830127F47DC800F692C3 /* SetViewController.swift */; };
		7E91830427F47E9600F692C3 /* SetTableViewCell.swift in Sources */ = {isa = PBXBuildFile; fileRef = 7E91830327F47E9600F692C3 /* SetTableViewCell.swift */; };
		7E91830627F4812800F692C3 /* SettwoTableViewCell.swift in Sources */ = {isa = PBXBuildFile; fileRef = 7E91830527F4812800F692C3 /* SettwoTableViewCell.swift */; };
		7EADA7D427F5C9CC0044FB28 /* Commodity.swift in Sources */ = {isa = PBXBuildFile; fileRef = 7EADA7D227F5C9CC0044FB28 /* Commodity.swift */; };
		7EADA7D527F5C9CC0044FB28 /* CommodityCellModel.swift in Sources */ = {isa = PBXBuildFile; fileRef = 7EADA7D327F5C9CC0044FB28 /* CommodityCellModel.swift */; };
		7EADA7DA27F5C9D80044FB28 /* SearchView.swift in Sources */ = {isa = PBXBuildFile; fileRef = 7EADA7D727F5C9D80044FB28 /* SearchView.swift */; };
		7EADA7DB27F5C9D80044FB28 /* CommodityCell.swift in Sources */ = {isa = PBXBuildFile; fileRef = 7EADA7D927F5C9D80044FB28 /* CommodityCell.swift */; };
		7EADA7DD27F5CA360044FB28 /* UIColor + Hex .swift in Sources */ = {isa = PBXBuildFile; fileRef = 7EADA7DC27F5CA360044FB28 /* UIColor + Hex .swift */; };
		7ECB5C1D27F2A5D100D37D27 /* ExploreCollectionViewCell.swift in Sources */ = {isa = PBXBuildFile; fileRef = 7ECB5C1C27F2A5D100D37D27 /* ExploreCollectionViewCell.swift */; };
		7ECB5C1F27F2A5E300D37D27 /* IdiomCollectionViewCell.swift in Sources */ = {isa = PBXBuildFile; fileRef = 7ECB5C1E27F2A5E300D37D27 /* IdiomCollectionViewCell.swift */; };
		7ECB5C2127F2A5FD00D37D27 /* PoetryCollectionViewCell.swift in Sources */ = {isa = PBXBuildFile; fileRef = 7ECB5C2027F2A5FD00D37D27 /* PoetryCollectionViewCell.swift */; };
		7ECB5C2427F2AAF600D37D27 /* ObjectCollectionViewCell.swift in Sources */ = {isa = PBXBuildFile; fileRef = 7ECB5C2327F2AAF600D37D27 /* ObjectCollectionViewCell.swift */; };
		7ECB5C2627F2EDF800D37D27 /* IdiomWordCollectionViewCell.swift in Sources */ = {isa = PBXBuildFile; fileRef = 7ECB5C2527F2EDF800D37D27 /* IdiomWordCollectionViewCell.swift */; };
		7ECB5C2827F325AE00D37D27 /* IntroduceObjectViewController.swift in Sources */ = {isa = PBXBuildFile; fileRef = 7ECB5C2727F325AE00D37D27 /* IntroduceObjectViewController.swift */; };
		7ECB5C2C27F335E100D37D27 /* IntegralViewController.swift in Sources */ = {isa = PBXBuildFile; fileRef = 7ECB5C2B27F335E100D37D27 /* IntegralViewController.swift */; };
		7ECB5C2E27F33BDE00D37D27 /* PoemCollectionViewCell.swift in Sources */ = {isa = PBXBuildFile; fileRef = 7ECB5C2D27F33BDE00D37D27 /* PoemCollectionViewCell.swift */; };
		7EE79C2E27F53C9400D30AD6 /* QuestionCollectionViewCell.swift in Sources */ = {isa = PBXBuildFile; fileRef = 7EE79C2D27F53C9400D30AD6 /* QuestionCollectionViewCell.swift */; };
		A165677F27E57B0500F81F7C /* AppDelegate.swift in Sources */ = {isa = PBXBuildFile; fileRef = A165677E27E57B0500F81F7C /* AppDelegate.swift */; };
		A165678127E57B0500F81F7C /* SceneDelegate.swift in Sources */ = {isa = PBXBuildFile; fileRef = A165678027E57B0500F81F7C /* SceneDelegate.swift */; };
		A165678827E57B0700F81F7C /* Assets.xcassets in Resources */ = {isa = PBXBuildFile; fileRef = A165678727E57B0700F81F7C /* Assets.xcassets */; };
		A165679C27E57EEA00F81F7C /* Main.storyboard in Resources */ = {isa = PBXBuildFile; fileRef = A165679B27E57EEA00F81F7C /* Main.storyboard */; };
		A165679F27E57F9D00F81F7C /* Constant.swift in Sources */ = {isa = PBXBuildFile; fileRef = A165679E27E57F9D00F81F7C /* Constant.swift */; };
		A16567A227E5804000F81F7C /* Int + Fit.swift in Sources */ = {isa = PBXBuildFile; fileRef = A16567A127E5804000F81F7C /* Int + Fit.swift */; };
		A19F46B4280E860D00D0BE94 /* OtherCityViewController.swift in Sources */ = {isa = PBXBuildFile; fileRef = A19F46B3280E860D00D0BE94 /* OtherCityViewController.swift */; };
		A19F46B6280E862500D0BE94 /* OtherCity.swift in Sources */ = {isa = PBXBuildFile; fileRef = A19F46B5280E862500D0BE94 /* OtherCity.swift */; };
		A19F46B8280E869500D0BE94 /* otherCity.json in Resources */ = {isa = PBXBuildFile; fileRef = A19F46B7280E869500D0BE94 /* otherCity.json */; };
		A19F46BF280EAC3900D0BE94 /* User.swift in Sources */ = {isa = PBXBuildFile; fileRef = A19F46BD280EAC3900D0BE94 /* User.swift */; };
		A19F46C0280EAC3900D0BE94 /* Badge.swift in Sources */ = {isa = PBXBuildFile; fileRef = A19F46BE280EAC3900D0BE94 /* Badge.swift */; };
		A19F46C6280EBB0100D0BE94 /* CultureRelicCache.swift in Sources */ = {isa = PBXBuildFile; fileRef = A19F46C5280EBB0100D0BE94 /* CultureRelicCache.swift */; };
		A1CD63052803E63D006C56EC /* questions.json in Resources */ = {isa = PBXBuildFile; fileRef = A1CD62EE2803E63D006C56EC /* questions.json */; };
		A1CD63062803E63D006C56EC /* roadMapCityLocation.json in Resources */ = {isa = PBXBuildFile; fileRef = A1CD62EF2803E63D006C56EC /* roadMapCityLocation.json */; };
		A1CD63072803E63D006C56EC /* ColorLayer.swift in Sources */ = {isa = PBXBuildFile; fileRef = A1CD62F12803E63D006C56EC /* ColorLayer.swift */; };
		A1CD63082803E63D006C56EC /* CultureRelicStatusView.swift in Sources */ = {isa = PBXBuildFile; fileRef = A1CD62F32803E63D006C56EC /* CultureRelicStatusView.swift */; };
		A1CD63092803E63D006C56EC /* CultureRelicInfoView.swift in Sources */ = {isa = PBXBuildFile; fileRef = A1CD62F42803E63D006C56EC /* CultureRelicInfoView.swift */; };
		A1CD630A2803E63D006C56EC /* CultureRelicHistoryView.swift in Sources */ = {isa = PBXBuildFile; fileRef = A1CD62F52803E63D006C56EC /* CultureRelicHistoryView.swift */; };
		A1CD630B2803E63D006C56EC /* CollectionRecordView.swift in Sources */ = {isa = PBXBuildFile; fileRef = A1CD62F62803E63D006C56EC /* CollectionRecordView.swift */; };
		A1CD630C2803E63D006C56EC /* CollectionRecordVerticalView.swift in Sources */ = {isa = PBXBuildFile; fileRef = A1CD62F72803E63D006C56EC /* CollectionRecordVerticalView.swift */; };
		A1CD630D2803E63D006C56EC /* CultureRelicIntroView.swift in Sources */ = {isa = PBXBuildFile; fileRef = A1CD62F82803E63D006C56EC /* CultureRelicIntroView.swift */; };
		A1CD630E2803E63D006C56EC /* Question.swift in Sources */ = {isa = PBXBuildFile; fileRef = A1CD62FA2803E63D006C56EC /* Question.swift */; };
		A1CD630F2803E63D006C56EC /* CultureRelicInfo.swift in Sources */ = {isa = PBXBuildFile; fileRef = A1CD62FB2803E63D006C56EC /* CultureRelicInfo.swift */; };
		A1CD63102803E63D006C56EC /* RoadMapCityLocation.swift in Sources */ = {isa = PBXBuildFile; fileRef = A1CD62FC2803E63D006C56EC /* RoadMapCityLocation.swift */; };
		A1CD63112803E63D006C56EC /* Overlay.swift in Sources */ = {isa = PBXBuildFile; fileRef = A1CD62FD2803E63D006C56EC /* Overlay.swift */; };
		A1CD63132803E63D006C56EC /* ShowVRViewController.swift in Sources */ = {isa = PBXBuildFile; fileRef = A1CD63002803E63D006C56EC /* ShowVRViewController.swift */; };
		A1CD63142803E63D006C56EC /* IntroductionCultureRelicViewController.swift in Sources */ = {isa = PBXBuildFile; fileRef = A1CD63012803E63D006C56EC /* IntroductionCultureRelicViewController.swift */; };
		A1CD63152803E63D006C56EC /* AnswerViewController.swift in Sources */ = {isa = PBXBuildFile; fileRef = A1CD63022803E63D006C56EC /* AnswerViewController.swift */; };
		A1CD63162803E63D006C56EC /* VREntryViewController.swift in Sources */ = {isa = PBXBuildFile; fileRef = A1CD63032803E63D006C56EC /* VREntryViewController.swift */; };
		A1CD63182803E648006C56EC /* SCNVector3 + Equal.swift in Sources */ = {isa = PBXBuildFile; fileRef = A1CD63172803E648006C56EC /* SCNVector3 + Equal.swift */; };
		A1D49EDC27EC486F0065B41E /* TabBarController.swift in Sources */ = {isa = PBXBuildFile; fileRef = A1D49EDB27EC486F0065B41E /* TabBarController.swift */; };
		A1DFC61128053E50004ED0BE /* commodity.json in Resources */ = {isa = PBXBuildFile; fileRef = A1DFC61028053E50004ED0BE /* commodity.json */; };
		A1E61634280EE9D300B250F2 /* CultureRelicDialogueView.swift in Sources */ = {isa = PBXBuildFile; fileRef = A1E61633280EE9D300B250F2 /* CultureRelicDialogueView.swift */; };
		E6C8AF1E160FFD95626D64BC /* Pods_SilkRoad.framework in Frameworks */ = {isa = PBXBuildFile; fileRef = EC0BBC5ADA3DFCC5A0193A68 /* Pods_SilkRoad.framework */; };
/* End PBXBuildFile section */

/* Begin PBXFileReference section */
		0078B132562A23C835A83FD5 /* Pods-SilkRoad.debug.xcconfig */ = {isa = PBXFileReference; includeInIndex = 1; lastKnownFileType = text.xcconfig; name = "Pods-SilkRoad.debug.xcconfig"; path = "Target Support Files/Pods-SilkRoad/Pods-SilkRoad.debug.xcconfig"; sourceTree = "<group>"; };
		3F6810EA28059BEF0039A6B7 /* cultureRelic.json */ = {isa = PBXFileReference; fileEncoding = 4; lastKnownFileType = text.json; path = cultureRelic.json; sourceTree = "<group>"; };
		3F6810EB28059BEF0039A6B7 /* introduce.json */ = {isa = PBXFileReference; fileEncoding = 4; lastKnownFileType = text.json; path = introduce.json; sourceTree = "<group>"; };
		3F6810ED28059BEF0039A6B7 /* Introduce.swift */ = {isa = PBXFileReference; fileEncoding = 4; lastKnownFileType = sourcecode.swift; path = Introduce.swift; sourceTree = "<group>"; };
		3F6810EE28059BEF0039A6B7 /* CultureRelic.swift */ = {isa = PBXFileReference; fileEncoding = 4; lastKnownFileType = sourcecode.swift; path = CultureRelic.swift; sourceTree = "<group>"; };
		3F6810F328059C160039A6B7 /* StudyViewController.swift */ = {isa = PBXFileReference; fileEncoding = 4; lastKnownFileType = sourcecode.swift; path = StudyViewController.swift; sourceTree = "<group>"; };
		3FC033D727EDDBBB00305127 /* UITabBarItem + Extension.swift */ = {isa = PBXFileReference; lastKnownFileType = sourcecode.swift; path = "UITabBarItem + Extension.swift"; sourceTree = "<group>"; };
		3FC033E127EDEE1D00305127 /* HelpFarmersViewController.swift */ = {isa = PBXFileReference; lastKnownFileType = sourcecode.swift; path = HelpFarmersViewController.swift; sourceTree = "<group>"; };
		3FC033E527EDEE4900305127 /* MineViewController.swift */ = {isa = PBXFileReference; lastKnownFileType = sourcecode.swift; path = MineViewController.swift; sourceTree = "<group>"; };
		3FC1466527FDB7950064CBF8 /* OrderViewController.swift */ = {isa = PBXFileReference; fileEncoding = 4; lastKnownFileType = sourcecode.swift; path = OrderViewController.swift; sourceTree = "<group>"; };
		3FC1466727FDB7B60064CBF8 /* PurchaseQuantityCell.swift */ = {isa = PBXFileReference; fileEncoding = 4; lastKnownFileType = sourcecode.swift; path = PurchaseQuantityCell.swift; sourceTree = "<group>"; };
		3FC1466827FDB7B60064CBF8 /* ReceiveAddressCell.swift */ = {isa = PBXFileReference; fileEncoding = 4; lastKnownFileType = sourcecode.swift; path = ReceiveAddressCell.swift; sourceTree = "<group>"; };
		3FC1466927FDB7B60064CBF8 /* UnitPriceCell.swift */ = {isa = PBXFileReference; fileEncoding = 4; lastKnownFileType = sourcecode.swift; path = UnitPriceCell.swift; sourceTree = "<group>"; };
		3FC1466A27FDB7B60064CBF8 /* ProductOrderCell.swift */ = {isa = PBXFileReference; fileEncoding = 4; lastKnownFileType = sourcecode.swift; path = ProductOrderCell.swift; sourceTree = "<group>"; };
		3FC1466B27FDB7B60064CBF8 /* OrderRemarksCell.swift */ = {isa = PBXFileReference; fileEncoding = 4; lastKnownFileType = sourcecode.swift; path = OrderRemarksCell.swift; sourceTree = "<group>"; };
		7E50C44027F152690041BA4C /* CityCollectionViewCell.swift */ = {isa = PBXFileReference; lastKnownFileType = sourcecode.swift; path = CityCollectionViewCell.swift; sourceTree = "<group>"; };
		7E50C44227F1963A0041BA4C /* CityViewController.swift */ = {isa = PBXFileReference; lastKnownFileType = sourcecode.swift; path = CityViewController.swift; sourceTree = "<group>"; };
		7E50C44527F1A29F0041BA4C /* MineDataCollectionViewCell.swift */ = {isa = PBXFileReference; lastKnownFileType = sourcecode.swift; path = MineDataCollectionViewCell.swift; sourceTree = "<group>"; };
		7E50C44727F1CCA10041BA4C /* MedalCollectionViewCell.swift */ = {isa = PBXFileReference; lastKnownFileType = sourcecode.swift; path = MedalCollectionViewCell.swift; sourceTree = "<group>"; };
		7E50C44A27F1F5150041BA4C /* TravelCollectionViewCell.swift */ = {isa = PBXFileReference; lastKnownFileType = sourcecode.swift; path = TravelCollectionViewCell.swift; sourceTree = "<group>"; };
		7E9182FD27F46AB200F692C3 /* EditDataViewController.swift */ = {isa = PBXFileReference; lastKnownFileType = sourcecode.swift; path = EditDataViewController.swift; sourceTree = "<group>"; };
		7E9182FF27F4724800F692C3 /* EditTableViewCell.swift */ = {isa = PBXFileReference; lastKnownFileType = sourcecode.swift; path = EditTableViewCell.swift; sourceTree = "<group>"; };
		7E91830127F47DC800F692C3 /* SetViewController.swift */ = {isa = PBXFileReference; lastKnownFileType = sourcecode.swift; path = SetViewController.swift; sourceTree = "<group>"; };
		7E91830327F47E9600F692C3 /* SetTableViewCell.swift */ = {isa = PBXFileReference; lastKnownFileType = sourcecode.swift; path = SetTableViewCell.swift; sourceTree = "<group>"; };
		7E91830527F4812800F692C3 /* SettwoTableViewCell.swift */ = {isa = PBXFileReference; lastKnownFileType = sourcecode.swift; path = SettwoTableViewCell.swift; sourceTree = "<group>"; };
		7EADA7D227F5C9CC0044FB28 /* Commodity.swift */ = {isa = PBXFileReference; fileEncoding = 4; lastKnownFileType = sourcecode.swift; path = Commodity.swift; sourceTree = "<group>"; };
		7EADA7D327F5C9CC0044FB28 /* CommodityCellModel.swift */ = {isa = PBXFileReference; fileEncoding = 4; lastKnownFileType = sourcecode.swift; path = CommodityCellModel.swift; sourceTree = "<group>"; };
		7EADA7D727F5C9D80044FB28 /* SearchView.swift */ = {isa = PBXFileReference; fileEncoding = 4; lastKnownFileType = sourcecode.swift; path = SearchView.swift; sourceTree = "<group>"; };
		7EADA7D927F5C9D80044FB28 /* CommodityCell.swift */ = {isa = PBXFileReference; fileEncoding = 4; lastKnownFileType = sourcecode.swift; path = CommodityCell.swift; sourceTree = "<group>"; };
		7EADA7DC27F5CA360044FB28 /* UIColor + Hex .swift */ = {isa = PBXFileReference; fileEncoding = 4; lastKnownFileType = sourcecode.swift; path = "UIColor + Hex .swift"; sourceTree = "<group>"; };
		7ECB5C1C27F2A5D100D37D27 /* ExploreCollectionViewCell.swift */ = {isa = PBXFileReference; lastKnownFileType = sourcecode.swift; path = ExploreCollectionViewCell.swift; sourceTree = "<group>"; };
		7ECB5C1E27F2A5E300D37D27 /* IdiomCollectionViewCell.swift */ = {isa = PBXFileReference; lastKnownFileType = sourcecode.swift; path = IdiomCollectionViewCell.swift; sourceTree = "<group>"; };
		7ECB5C2027F2A5FD00D37D27 /* PoetryCollectionViewCell.swift */ = {isa = PBXFileReference; lastKnownFileType = sourcecode.swift; path = PoetryCollectionViewCell.swift; sourceTree = "<group>"; };
		7ECB5C2327F2AAF600D37D27 /* ObjectCollectionViewCell.swift */ = {isa = PBXFileReference; lastKnownFileType = sourcecode.swift; path = ObjectCollectionViewCell.swift; sourceTree = "<group>"; };
		7ECB5C2527F2EDF800D37D27 /* IdiomWordCollectionViewCell.swift */ = {isa = PBXFileReference; lastKnownFileType = sourcecode.swift; path = IdiomWordCollectionViewCell.swift; sourceTree = "<group>"; };
		7ECB5C2727F325AE00D37D27 /* IntroduceObjectViewController.swift */ = {isa = PBXFileReference; lastKnownFileType = sourcecode.swift; path = IntroduceObjectViewController.swift; sourceTree = "<group>"; };
		7ECB5C2B27F335E100D37D27 /* IntegralViewController.swift */ = {isa = PBXFileReference; lastKnownFileType = sourcecode.swift; path = IntegralViewController.swift; sourceTree = "<group>"; };
		7ECB5C2D27F33BDE00D37D27 /* PoemCollectionViewCell.swift */ = {isa = PBXFileReference; lastKnownFileType = sourcecode.swift; path = PoemCollectionViewCell.swift; sourceTree = "<group>"; };
		7EE79C2D27F53C9400D30AD6 /* QuestionCollectionViewCell.swift */ = {isa = PBXFileReference; lastKnownFileType = sourcecode.swift; path = QuestionCollectionViewCell.swift; sourceTree = "<group>"; };
		A165677B27E57B0500F81F7C /* SilkRoad.app */ = {isa = PBXFileReference; explicitFileType = wrapper.application; includeInIndex = 0; path = SilkRoad.app; sourceTree = BUILT_PRODUCTS_DIR; };
		A165677E27E57B0500F81F7C /* AppDelegate.swift */ = {isa = PBXFileReference; lastKnownFileType = sourcecode.swift; path = AppDelegate.swift; sourceTree = "<group>"; };
		A165678027E57B0500F81F7C /* SceneDelegate.swift */ = {isa = PBXFileReference; lastKnownFileType = sourcecode.swift; path = SceneDelegate.swift; sourceTree = "<group>"; };
		A165678727E57B0700F81F7C /* Assets.xcassets */ = {isa = PBXFileReference; lastKnownFileType = folder.assetcatalog; path = Assets.xcassets; sourceTree = "<group>"; };
		A165678C27E57B0700F81F7C /* Info.plist */ = {isa = PBXFileReference; lastKnownFileType = text.plist.xml; path = Info.plist; sourceTree = "<group>"; };
		A165679B27E57EEA00F81F7C /* Main.storyboard */ = {isa = PBXFileReference; lastKnownFileType = file.storyboard; path = Main.storyboard; sourceTree = "<group>"; };
		A165679E27E57F9D00F81F7C /* Constant.swift */ = {isa = PBXFileReference; lastKnownFileType = sourcecode.swift; path = Constant.swift; sourceTree = "<group>"; };
		A16567A127E5804000F81F7C /* Int + Fit.swift */ = {isa = PBXFileReference; lastKnownFileType = sourcecode.swift; path = "Int + Fit.swift"; sourceTree = "<group>"; };
		A19F46B3280E860D00D0BE94 /* OtherCityViewController.swift */ = {isa = PBXFileReference; fileEncoding = 4; lastKnownFileType = sourcecode.swift; path = OtherCityViewController.swift; sourceTree = "<group>"; };
		A19F46B5280E862500D0BE94 /* OtherCity.swift */ = {isa = PBXFileReference; fileEncoding = 4; lastKnownFileType = sourcecode.swift; path = OtherCity.swift; sourceTree = "<group>"; };
		A19F46B7280E869500D0BE94 /* otherCity.json */ = {isa = PBXFileReference; fileEncoding = 4; lastKnownFileType = text.json; path = otherCity.json; sourceTree = "<group>"; };
		A19F46BD280EAC3900D0BE94 /* User.swift */ = {isa = PBXFileReference; fileEncoding = 4; lastKnownFileType = sourcecode.swift; path = User.swift; sourceTree = "<group>"; };
		A19F46BE280EAC3900D0BE94 /* Badge.swift */ = {isa = PBXFileReference; fileEncoding = 4; lastKnownFileType = sourcecode.swift; path = Badge.swift; sourceTree = "<group>"; };
		A19F46C5280EBB0100D0BE94 /* CultureRelicCache.swift */ = {isa = PBXFileReference; fileEncoding = 4; lastKnownFileType = sourcecode.swift; path = CultureRelicCache.swift; sourceTree = "<group>"; };
		A1CD62EE2803E63D006C56EC /* questions.json */ = {isa = PBXFileReference; fileEncoding = 4; lastKnownFileType = text.json; path = questions.json; sourceTree = "<group>"; };
		A1CD62EF2803E63D006C56EC /* roadMapCityLocation.json */ = {isa = PBXFileReference; fileEncoding = 4; lastKnownFileType = text.json; path = roadMapCityLocation.json; sourceTree = "<group>"; };
		A1CD62F12803E63D006C56EC /* ColorLayer.swift */ = {isa = PBXFileReference; fileEncoding = 4; lastKnownFileType = sourcecode.swift; path = ColorLayer.swift; sourceTree = "<group>"; };
		A1CD62F32803E63D006C56EC /* CultureRelicStatusView.swift */ = {isa = PBXFileReference; fileEncoding = 4; lastKnownFileType = sourcecode.swift; path = CultureRelicStatusView.swift; sourceTree = "<group>"; };
		A1CD62F42803E63D006C56EC /* CultureRelicInfoView.swift */ = {isa = PBXFileReference; fileEncoding = 4; lastKnownFileType = sourcecode.swift; path = CultureRelicInfoView.swift; sourceTree = "<group>"; };
		A1CD62F52803E63D006C56EC /* CultureRelicHistoryView.swift */ = {isa = PBXFileReference; fileEncoding = 4; lastKnownFileType = sourcecode.swift; path = CultureRelicHistoryView.swift; sourceTree = "<group>"; };
		A1CD62F62803E63D006C56EC /* CollectionRecordView.swift */ = {isa = PBXFileReference; fileEncoding = 4; lastKnownFileType = sourcecode.swift; path = CollectionRecordView.swift; sourceTree = "<group>"; };
		A1CD62F72803E63D006C56EC /* CollectionRecordVerticalView.swift */ = {isa = PBXFileReference; fileEncoding = 4; lastKnownFileType = sourcecode.swift; path = CollectionRecordVerticalView.swift; sourceTree = "<group>"; };
		A1CD62F82803E63D006C56EC /* CultureRelicIntroView.swift */ = {isa = PBXFileReference; fileEncoding = 4; lastKnownFileType = sourcecode.swift; path = CultureRelicIntroView.swift; sourceTree = "<group>"; };
		A1CD62FA2803E63D006C56EC /* Question.swift */ = {isa = PBXFileReference; fileEncoding = 4; lastKnownFileType = sourcecode.swift; path = Question.swift; sourceTree = "<group>"; };
		A1CD62FB2803E63D006C56EC /* CultureRelicInfo.swift */ = {isa = PBXFileReference; fileEncoding = 4; lastKnownFileType = sourcecode.swift; path = CultureRelicInfo.swift; sourceTree = "<group>"; };
		A1CD62FC2803E63D006C56EC /* RoadMapCityLocation.swift */ = {isa = PBXFileReference; fileEncoding = 4; lastKnownFileType = sourcecode.swift; path = RoadMapCityLocation.swift; sourceTree = "<group>"; };
		A1CD62FD2803E63D006C56EC /* Overlay.swift */ = {isa = PBXFileReference; fileEncoding = 4; lastKnownFileType = sourcecode.swift; path = Overlay.swift; sourceTree = "<group>"; };
		A1CD63002803E63D006C56EC /* ShowVRViewController.swift */ = {isa = PBXFileReference; fileEncoding = 4; lastKnownFileType = sourcecode.swift; path = ShowVRViewController.swift; sourceTree = "<group>"; };
		A1CD63012803E63D006C56EC /* IntroductionCultureRelicViewController.swift */ = {isa = PBXFileReference; fileEncoding = 4; lastKnownFileType = sourcecode.swift; path = IntroductionCultureRelicViewController.swift; sourceTree = "<group>"; };
		A1CD63022803E63D006C56EC /* AnswerViewController.swift */ = {isa = PBXFileReference; fileEncoding = 4; lastKnownFileType = sourcecode.swift; path = AnswerViewController.swift; sourceTree = "<group>"; };
		A1CD63032803E63D006C56EC /* VREntryViewController.swift */ = {isa = PBXFileReference; fileEncoding = 4; lastKnownFileType = sourcecode.swift; path = VREntryViewController.swift; sourceTree = "<group>"; };
		A1CD63172803E648006C56EC /* SCNVector3 + Equal.swift */ = {isa = PBXFileReference; fileEncoding = 4; lastKnownFileType = sourcecode.swift; path = "SCNVector3 + Equal.swift"; sourceTree = "<group>"; };
		A1D49EDB27EC486F0065B41E /* TabBarController.swift */ = {isa = PBXFileReference; lastKnownFileType = sourcecode.swift; path = TabBarController.swift; sourceTree = "<group>"; };
		A1DFC61028053E50004ED0BE /* commodity.json */ = {isa = PBXFileReference; fileEncoding = 4; lastKnownFileType = text.json; path = commodity.json; sourceTree = "<group>"; };
		A1E61633280EE9D300B250F2 /* CultureRelicDialogueView.swift */ = {isa = PBXFileReference; lastKnownFileType = sourcecode.swift; path = CultureRelicDialogueView.swift; sourceTree = "<group>"; };
		C6612F10E5D61C2F4DE7F960 /* Pods-SilkRoad.release.xcconfig */ = {isa = PBXFileReference; includeInIndex = 1; lastKnownFileType = text.xcconfig; name = "Pods-SilkRoad.release.xcconfig"; path = "Target Support Files/Pods-SilkRoad/Pods-SilkRoad.release.xcconfig"; sourceTree = "<group>"; };
		EC0BBC5ADA3DFCC5A0193A68 /* Pods_SilkRoad.framework */ = {isa = PBXFileReference; explicitFileType = wrapper.framework; includeInIndex = 0; path = Pods_SilkRoad.framework; sourceTree = BUILT_PRODUCTS_DIR; };
/* End PBXFileReference section */

/* Begin PBXFrameworksBuildPhase section */
		A165677827E57B0500F81F7C /* Frameworks */ = {
			isa = PBXFrameworksBuildPhase;
			buildActionMask = 2147483647;
			files = (
				E6C8AF1E160FFD95626D64BC /* Pods_SilkRoad.framework in Frameworks */,
			);
			runOnlyForDeploymentPostprocessing = 0;
		};
/* End PBXFrameworksBuildPhase section */

/* Begin PBXGroup section */
		3F6810EC28059BEF0039A6B7 /* Model */ = {
			isa = PBXGroup;
			children = (
				3F6810ED28059BEF0039A6B7 /* Introduce.swift */,
				3F6810EE28059BEF0039A6B7 /* CultureRelic.swift */,
			);
			path = Model;
			sourceTree = "<group>";
		};
		3FC033D327EDDAB100305127 /* Study */ = {
			isa = PBXGroup;
			children = (
				3F6810EA28059BEF0039A6B7 /* cultureRelic.json */,
				3F6810EB28059BEF0039A6B7 /* introduce.json */,
				3F6810EC28059BEF0039A6B7 /* Model */,
				7E50C43F27F151E10041BA4C /* View */,
				3FC033D427EDDACC00305127 /* Controller */,
			);
			path = Study;
			sourceTree = "<group>";
		};
		3FC033D427EDDACC00305127 /* Controller */ = {
			isa = PBXGroup;
			children = (
				3F6810F328059C160039A6B7 /* StudyViewController.swift */,
				7E50C44227F1963A0041BA4C /* CityViewController.swift */,
				7ECB5C2727F325AE00D37D27 /* IntroduceObjectViewController.swift */,
			);
			path = Controller;
			sourceTree = "<group>";
		};
		3FC033DB27EDEDA200305127 /* VR */ = {
			isa = PBXGroup;
			children = (
				A1CD62FF2803E63D006C56EC /* Controller */,
				A1CD62F02803E63D006C56EC /* Layer */,
				A1CD62F92803E63D006C56EC /* Model */,
				A1CD62EC2803E63D006C56EC /* Resource */,
				A1CD62F22803E63D006C56EC /* View */,
			);
			path = VR;
			sourceTree = "<group>";
		};
		3FC033DF27EDEDD000305127 /* HelpFarmers */ = {
			isa = PBXGroup;
			children = (
				A1DFC61028053E50004ED0BE /* commodity.json */,
				7EADA7D627F5C9D80044FB28 /* View */,
				7EADA7D127F5C9CC0044FB28 /* Model */,
				3FC033E027EDEE0B00305127 /* Controller */,
			);
			path = HelpFarmers;
			sourceTree = "<group>";
		};
		3FC033E027EDEE0B00305127 /* Controller */ = {
			isa = PBXGroup;
			children = (
				3FC1466527FDB7950064CBF8 /* OrderViewController.swift */,
				3FC033E127EDEE1D00305127 /* HelpFarmersViewController.swift */,
			);
			path = Controller;
			sourceTree = "<group>";
		};
		3FC033E327EDEE3000305127 /* Mine */ = {
			isa = PBXGroup;
			children = (
				3FC033E527EDEE4900305127 /* MineViewController.swift */,
				7E50C44427F1A26F0041BA4C /* View */,
				3FC033E427EDEE3E00305127 /* Controller */,
			);
			path = Mine;
			sourceTree = "<group>";
		};
		3FC033E427EDEE3E00305127 /* Controller */ = {
			isa = PBXGroup;
			children = (
				7ECB5C2B27F335E100D37D27 /* IntegralViewController.swift */,
				7E9182FD27F46AB200F692C3 /* EditDataViewController.swift */,
				7E91830127F47DC800F692C3 /* SetViewController.swift */,
			);
			path = Controller;
			sourceTree = "<group>";
		};
		56F35A54EB8ED215B1D4C384 /* Pods */ = {
			isa = PBXGroup;
			children = (
				0078B132562A23C835A83FD5 /* Pods-SilkRoad.debug.xcconfig */,
				C6612F10E5D61C2F4DE7F960 /* Pods-SilkRoad.release.xcconfig */,
			);
			path = Pods;
			sourceTree = "<group>";
		};
		7E50C43F27F151E10041BA4C /* View */ = {
			isa = PBXGroup;
			children = (
				7E50C44027F152690041BA4C /* CityCollectionViewCell.swift */,
				7ECB5C1C27F2A5D100D37D27 /* ExploreCollectionViewCell.swift */,
				7ECB5C1E27F2A5E300D37D27 /* IdiomCollectionViewCell.swift */,
				7ECB5C2027F2A5FD00D37D27 /* PoetryCollectionViewCell.swift */,
				7ECB5C2227F2AACA00D37D27 /* View-Cell */,
				7EE79C2D27F53C9400D30AD6 /* QuestionCollectionViewCell.swift */,
			);
			path = View;
			sourceTree = "<group>";
		};
		7E50C44427F1A26F0041BA4C /* View */ = {
			isa = PBXGroup;
			children = (
				7E50C44527F1A29F0041BA4C /* MineDataCollectionViewCell.swift */,
				7E50C44727F1CCA10041BA4C /* MedalCollectionViewCell.swift */,
				7E50C44927F1F4E60041BA4C /* View-Cell */,
			);
			path = View;
			sourceTree = "<group>";
		};
		7E50C44927F1F4E60041BA4C /* View-Cell */ = {
			isa = PBXGroup;
			children = (
				7E50C44A27F1F5150041BA4C /* TravelCollectionViewCell.swift */,
				7E9182FF27F4724800F692C3 /* EditTableViewCell.swift */,
				7E91830327F47E9600F692C3 /* SetTableViewCell.swift */,
				7E91830527F4812800F692C3 /* SettwoTableViewCell.swift */,
			);
			path = "View-Cell";
			sourceTree = "<group>";
		};
		7EADA7D127F5C9CC0044FB28 /* Model */ = {
			isa = PBXGroup;
			children = (
				7EADA7D227F5C9CC0044FB28 /* Commodity.swift */,
				7EADA7D327F5C9CC0044FB28 /* CommodityCellModel.swift */,
			);
			path = Model;
			sourceTree = "<group>";
		};
		7EADA7D627F5C9D80044FB28 /* View */ = {
			isa = PBXGroup;
			children = (
				7EADA7D727F5C9D80044FB28 /* SearchView.swift */,
				7EADA7D827F5C9D80044FB28 /* Cell */,
			);
			path = View;
			sourceTree = "<group>";
		};
		7EADA7D827F5C9D80044FB28 /* Cell */ = {
			isa = PBXGroup;
			children = (
				3FC1466B27FDB7B60064CBF8 /* OrderRemarksCell.swift */,
				3FC1466A27FDB7B60064CBF8 /* ProductOrderCell.swift */,
				3FC1466727FDB7B60064CBF8 /* PurchaseQuantityCell.swift */,
				3FC1466827FDB7B60064CBF8 /* ReceiveAddressCell.swift */,
				3FC1466927FDB7B60064CBF8 /* UnitPriceCell.swift */,
				7EADA7D927F5C9D80044FB28 /* CommodityCell.swift */,
			);
			path = Cell;
			sourceTree = "<group>";
		};
		7ECB5C2227F2AACA00D37D27 /* View-Cell */ = {
			isa = PBXGroup;
			children = (
				7ECB5C2327F2AAF600D37D27 /* ObjectCollectionViewCell.swift */,
				7ECB5C2527F2EDF800D37D27 /* IdiomWordCollectionViewCell.swift */,
				7ECB5C2D27F33BDE00D37D27 /* PoemCollectionViewCell.swift */,
			);
			path = "View-Cell";
			sourceTree = "<group>";
		};
		A165677227E57B0500F81F7C = {
			isa = PBXGroup;
			children = (
				A165677D27E57B0500F81F7C /* SilkRoad */,
				A165677C27E57B0500F81F7C /* Products */,
				56F35A54EB8ED215B1D4C384 /* Pods */,
				C97198ED7994F3597C858556 /* Frameworks */,
			);
			sourceTree = "<group>";
		};
		A165677C27E57B0500F81F7C /* Products */ = {
			isa = PBXGroup;
			children = (
				A165677B27E57B0500F81F7C /* SilkRoad.app */,
			);
			name = Products;
			sourceTree = "<group>";
		};
		A165677D27E57B0500F81F7C /* SilkRoad */ = {
			isa = PBXGroup;
			children = (
				A165679227E57B8800F81F7C /* Classes */,
				A165679327E57B9B00F81F7C /* Resource */,
				A165678C27E57B0700F81F7C /* Info.plist */,
				A165679B27E57EEA00F81F7C /* Main.storyboard */,
			);
			path = SilkRoad;
			sourceTree = "<group>";
		};
		A165679227E57B8800F81F7C /* Classes */ = {
			isa = PBXGroup;
			children = (
				A165679427E57BC900F81F7C /* AppDelegate */,
				A165679527E57BE000F81F7C /* SceneDelegate */,
				A165679627E57BF800F81F7C /* Application */,
				A165679827E57C8400F81F7C /* Util */,
				A165679727E57C6E00F81F7C /* Business */,
			);
			path = Classes;
			sourceTree = "<group>";
		};
		A165679327E57B9B00F81F7C /* Resource */ = {
			isa = PBXGroup;
			children = (
				A165678727E57B0700F81F7C /* Assets.xcassets */,
			);
			path = Resource;
			sourceTree = "<group>";
		};
		A165679427E57BC900F81F7C /* AppDelegate */ = {
			isa = PBXGroup;
			children = (
				A165677E27E57B0500F81F7C /* AppDelegate.swift */,
			);
			path = AppDelegate;
			sourceTree = "<group>";
		};
		A165679527E57BE000F81F7C /* SceneDelegate */ = {
			isa = PBXGroup;
			children = (
				A165678027E57B0500F81F7C /* SceneDelegate.swift */,
			);
			path = SceneDelegate;
			sourceTree = "<group>";
		};
		A165679627E57BF800F81F7C /* Application */ = {
			isa = PBXGroup;
			children = (
				A1D49EDB27EC486F0065B41E /* TabBarController.swift */,
			);
			path = Application;
			sourceTree = "<group>";
		};
		A165679727E57C6E00F81F7C /* Business */ = {
			isa = PBXGroup;
			children = (
				3FC033D327EDDAB100305127 /* Study */,
				3FC033DB27EDEDA200305127 /* VR */,
				3FC033DF27EDEDD000305127 /* HelpFarmers */,
				3FC033E327EDEE3000305127 /* Mine */,
			);
			path = Business;
			sourceTree = "<group>";
		};
		A165679827E57C8400F81F7C /* Util */ = {
			isa = PBXGroup;
			children = (
				A19F46AD280E81D600D0BE94 /* Cache */,
				A16567A027E5802600F81F7C /* Extensions */,
				A165679E27E57F9D00F81F7C /* Constant.swift */,
			);
			path = Util;
			sourceTree = "<group>";
		};
		A16567A027E5802600F81F7C /* Extensions */ = {
			isa = PBXGroup;
			children = (
				A1CD63172803E648006C56EC /* SCNVector3 + Equal.swift */,
				7EADA7DC27F5CA360044FB28 /* UIColor + Hex .swift */,
				A16567A127E5804000F81F7C /* Int + Fit.swift */,
				3FC033D727EDDBBB00305127 /* UITabBarItem + Extension.swift */,
			);
			path = Extensions;
			sourceTree = "<group>";
		};
		A19F46AD280E81D600D0BE94 /* Cache */ = {
			isa = PBXGroup;
			children = (
				A19F46AE280E81DF00D0BE94 /* UserDefaults */,
			);
			path = Cache;
			sourceTree = "<group>";
		};
		A19F46AE280E81DF00D0BE94 /* UserDefaults */ = {
			isa = PBXGroup;
			children = (
				A19F46C5280EBB0100D0BE94 /* CultureRelicCache.swift */,
				A19F46BE280EAC3900D0BE94 /* Badge.swift */,
				A19F46BD280EAC3900D0BE94 /* User.swift */,
			);
			path = UserDefaults;
			sourceTree = "<group>";
		};
		A1CD62EC2803E63D006C56EC /* Resource */ = {
			isa = PBXGroup;
			children = (
				A19F46B7280E869500D0BE94 /* otherCity.json */,
				A1CD62EE2803E63D006C56EC /* questions.json */,
				A1CD62EF2803E63D006C56EC /* roadMapCityLocation.json */,
			);
			path = Resource;
			sourceTree = "<group>";
		};
		A1CD62F02803E63D006C56EC /* Layer */ = {
			isa = PBXGroup;
			children = (
				A1CD62F12803E63D006C56EC /* ColorLayer.swift */,
			);
			path = Layer;
			sourceTree = "<group>";
		};
		A1CD62F22803E63D006C56EC /* View */ = {
			isa = PBXGroup;
			children = (
				A1CD62F32803E63D006C56EC /* CultureRelicStatusView.swift */,
				A1CD62F42803E63D006C56EC /* CultureRelicInfoView.swift */,
				A1CD62F52803E63D006C56EC /* CultureRelicHistoryView.swift */,
				A1CD62F62803E63D006C56EC /* CollectionRecordView.swift */,
				A1CD62F72803E63D006C56EC /* CollectionRecordVerticalView.swift */,
				A1CD62F82803E63D006C56EC /* CultureRelicIntroView.swift */,
				A1E61633280EE9D300B250F2 /* CultureRelicDialogueView.swift */,
			);
			path = View;
			sourceTree = "<group>";
		};
		A1CD62F92803E63D006C56EC /* Model */ = {
			isa = PBXGroup;
			children = (
				A19F46B5280E862500D0BE94 /* OtherCity.swift */,
				A1CD62FA2803E63D006C56EC /* Question.swift */,
				A1CD62FB2803E63D006C56EC /* CultureRelicInfo.swift */,
				A1CD62FC2803E63D006C56EC /* RoadMapCityLocation.swift */,
				A1CD62FD2803E63D006C56EC /* Overlay.swift */,
			);
			path = Model;
			sourceTree = "<group>";
		};
		A1CD62FF2803E63D006C56EC /* Controller */ = {
			isa = PBXGroup;
			children = (
				A19F46B3280E860D00D0BE94 /* OtherCityViewController.swift */,
				A1CD63002803E63D006C56EC /* ShowVRViewController.swift */,
				A1CD63012803E63D006C56EC /* IntroductionCultureRelicViewController.swift */,
				A1CD63022803E63D006C56EC /* AnswerViewController.swift */,
				A1CD63032803E63D006C56EC /* VREntryViewController.swift */,
			);
			path = Controller;
			sourceTree = "<group>";
		};
		C97198ED7994F3597C858556 /* Frameworks */ = {
			isa = PBXGroup;
			children = (
				EC0BBC5ADA3DFCC5A0193A68 /* Pods_SilkRoad.framework */,
			);
			name = Frameworks;
			sourceTree = "<group>";
		};
/* End PBXGroup section */

/* Begin PBXNativeTarget section */
		A165677A27E57B0500F81F7C /* SilkRoad */ = {
			isa = PBXNativeTarget;
			buildConfigurationList = A165678F27E57B0700F81F7C /* Build configuration list for PBXNativeTarget "SilkRoad" */;
			buildPhases = (
				26E89D8E196431FE8ABE49D4 /* [CP] Check Pods Manifest.lock */,
				A165677727E57B0500F81F7C /* Sources */,
				A165677827E57B0500F81F7C /* Frameworks */,
				A165677927E57B0500F81F7C /* Resources */,
				550C163D9213CF2BDA559565 /* [CP] Embed Pods Frameworks */,
			);
			buildRules = (
			);
			dependencies = (
			);
			name = SilkRoad;
			productName = SilkRoad;
			productReference = A165677B27E57B0500F81F7C /* SilkRoad.app */;
			productType = "com.apple.product-type.application";
		};
/* End PBXNativeTarget section */

/* Begin PBXProject section */
		A165677327E57B0500F81F7C /* Project object */ = {
			isa = PBXProject;
			attributes = {
				BuildIndependentTargetsInParallel = 1;
				LastSwiftUpdateCheck = 1320;
				LastUpgradeCheck = 1320;
				TargetAttributes = {
					A165677A27E57B0500F81F7C = {
						CreatedOnToolsVersion = 13.2.1;
					};
				};
			};
			buildConfigurationList = A165677627E57B0500F81F7C /* Build configuration list for PBXProject "SilkRoad" */;
			compatibilityVersion = "Xcode 13.0";
			developmentRegion = en;
			hasScannedForEncodings = 0;
			knownRegions = (
				en,
				Base,
			);
			mainGroup = A165677227E57B0500F81F7C;
			productRefGroup = A165677C27E57B0500F81F7C /* Products */;
			projectDirPath = "";
			projectRoot = "";
			targets = (
				A165677A27E57B0500F81F7C /* SilkRoad */,
			);
		};
/* End PBXProject section */

/* Begin PBXResourcesBuildPhase section */
		A165677927E57B0500F81F7C /* Resources */ = {
			isa = PBXResourcesBuildPhase;
			buildActionMask = 2147483647;
			files = (
				A1CD63062803E63D006C56EC /* roadMapCityLocation.json in Resources */,
				A19F46B8280E869500D0BE94 /* otherCity.json in Resources */,
				A165678827E57B0700F81F7C /* Assets.xcassets in Resources */,
				A1CD63052803E63D006C56EC /* questions.json in Resources */,
				3F6810F028059BEF0039A6B7 /* introduce.json in Resources */,
				3F6810EF28059BEF0039A6B7 /* cultureRelic.json in Resources */,
				A165679C27E57EEA00F81F7C /* Main.storyboard in Resources */,
				A1DFC61128053E50004ED0BE /* commodity.json in Resources */,
			);
			runOnlyForDeploymentPostprocessing = 0;
		};
/* End PBXResourcesBuildPhase section */

/* Begin PBXShellScriptBuildPhase section */
		26E89D8E196431FE8ABE49D4 /* [CP] Check Pods Manifest.lock */ = {
			isa = PBXShellScriptBuildPhase;
			buildActionMask = 2147483647;
			files = (
			);
			inputFileListPaths = (
			);
			inputPaths = (
				"${PODS_PODFILE_DIR_PATH}/Podfile.lock",
				"${PODS_ROOT}/Manifest.lock",
			);
			name = "[CP] Check Pods Manifest.lock";
			outputFileListPaths = (
			);
			outputPaths = (
				"$(DERIVED_FILE_DIR)/Pods-SilkRoad-checkManifestLockResult.txt",
			);
			runOnlyForDeploymentPostprocessing = 0;
			shellPath = /bin/sh;
			shellScript = "diff \"${PODS_PODFILE_DIR_PATH}/Podfile.lock\" \"${PODS_ROOT}/Manifest.lock\" > /dev/null\nif [ $? != 0 ] ; then\n    # print error to STDERR\n    echo \"error: The sandbox is not in sync with the Podfile.lock. Run 'pod install' or update your CocoaPods installation.\" >&2\n    exit 1\nfi\n# This output is used by Xcode 'outputs' to avoid re-running this script phase.\necho \"SUCCESS\" > \"${SCRIPT_OUTPUT_FILE_0}\"\n";
			showEnvVarsInLog = 0;
		};
		550C163D9213CF2BDA559565 /* [CP] Embed Pods Frameworks */ = {
			isa = PBXShellScriptBuildPhase;
			buildActionMask = 2147483647;
			files = (
			);
			inputFileListPaths = (
				"${PODS_ROOT}/Target Support Files/Pods-SilkRoad/Pods-SilkRoad-frameworks-${CONFIGURATION}-input-files.xcfilelist",
			);
			name = "[CP] Embed Pods Frameworks";
			outputFileListPaths = (
				"${PODS_ROOT}/Target Support Files/Pods-SilkRoad/Pods-SilkRoad-frameworks-${CONFIGURATION}-output-files.xcfilelist",
			);
			runOnlyForDeploymentPostprocessing = 0;
			shellPath = /bin/sh;
			shellScript = "\"${PODS_ROOT}/Target Support Files/Pods-SilkRoad/Pods-SilkRoad-frameworks.sh\"\n";
			showEnvVarsInLog = 0;
		};
/* End PBXShellScriptBuildPhase section */

/* Begin PBXSourcesBuildPhase section */
		A165677727E57B0500F81F7C /* Sources */ = {
			isa = PBXSourcesBuildPhase;
			buildActionMask = 2147483647;
			files = (
				A1CD630D2803E63D006C56EC /* CultureRelicIntroView.swift in Sources */,
				7E91830427F47E9600F692C3 /* SetTableViewCell.swift in Sources */,
				7ECB5C1D27F2A5D100D37D27 /* ExploreCollectionViewCell.swift in Sources */,
				7E91830027F4724800F692C3 /* EditTableViewCell.swift in Sources */,
				A19F46BF280EAC3900D0BE94 /* User.swift in Sources */,
				A1CD630F2803E63D006C56EC /* CultureRelicInfo.swift in Sources */,
				7E50C44627F1A29F0041BA4C /* MineDataCollectionViewCell.swift in Sources */,
				A19F46C0280EAC3900D0BE94 /* Badge.swift in Sources */,
				A1CD63082803E63D006C56EC /* CultureRelicStatusView.swift in Sources */,
				3FC033E227EDEE1D00305127 /* HelpFarmersViewController.swift in Sources */,
				7ECB5C2127F2A5FD00D37D27 /* PoetryCollectionViewCell.swift in Sources */,
				7EADA7DA27F5C9D80044FB28 /* SearchView.swift in Sources */,
				A19F46B6280E862500D0BE94 /* OtherCity.swift in Sources */,
				7ECB5C2427F2AAF600D37D27 /* ObjectCollectionViewCell.swift in Sources */,
				7E50C44827F1CCA10041BA4C /* MedalCollectionViewCell.swift in Sources */,
				3FC033E627EDEE4900305127 /* MineViewController.swift in Sources */,
				3FC1467027FDB7B60064CBF8 /* OrderRemarksCell.swift in Sources */,
				7ECB5C1F27F2A5E300D37D27 /* IdiomCollectionViewCell.swift in Sources */,
				3FC1466D27FDB7B60064CBF8 /* ReceiveAddressCell.swift in Sources */,
				7EE79C2E27F53C9400D30AD6 /* QuestionCollectionViewCell.swift in Sources */,
				A19F46B4280E860D00D0BE94 /* OtherCityViewController.swift in Sources */,
				A1CD63092803E63D006C56EC /* CultureRelicInfoView.swift in Sources */,
				3F6810F428059C160039A6B7 /* StudyViewController.swift in Sources */,
				7ECB5C2E27F33BDE00D37D27 /* PoemCollectionViewCell.swift in Sources */,
				3FC033D827EDDBBB00305127 /* UITabBarItem + Extension.swift in Sources */,
				A1CD630A2803E63D006C56EC /* CultureRelicHistoryView.swift in Sources */,
				A165677F27E57B0500F81F7C /* AppDelegate.swift in Sources */,
				A1CD63072803E63D006C56EC /* ColorLayer.swift in Sources */,
				A1CD63182803E648006C56EC /* SCNVector3 + Equal.swift in Sources */,
				7E50C44127F152690041BA4C /* CityCollectionViewCell.swift in Sources */,
				3FC1466E27FDB7B60064CBF8 /* UnitPriceCell.swift in Sources */,
				7E50C44B27F1F5160041BA4C /* TravelCollectionViewCell.swift in Sources */,
				A165678127E57B0500F81F7C /* SceneDelegate.swift in Sources */,
				A165679F27E57F9D00F81F7C /* Constant.swift in Sources */,
				A1D49EDC27EC486F0065B41E /* TabBarController.swift in Sources */,
				3FC1466F27FDB7B60064CBF8 /* ProductOrderCell.swift in Sources */,
				7E91830227F47DC800F692C3 /* SetViewController.swift in Sources */,
				7E91830627F4812800F692C3 /* SettwoTableViewCell.swift in Sources */,
				A1CD63142803E63D006C56EC /* IntroductionCultureRelicViewController.swift in Sources */,
				A1CD63152803E63D006C56EC /* AnswerViewController.swift in Sources */,
				7EADA7DD27F5CA360044FB28 /* UIColor + Hex .swift in Sources */,
				7ECB5C2C27F335E100D37D27 /* IntegralViewController.swift in Sources */,
				A1CD630B2803E63D006C56EC /* CollectionRecordView.swift in Sources */,
				A1E61634280EE9D300B250F2 /* CultureRelicDialogueView.swift in Sources */,
				A1CD63102803E63D006C56EC /* RoadMapCityLocation.swift in Sources */,
				A16567A227E5804000F81F7C /* Int + Fit.swift in Sources */,
				A19F46C6280EBB0100D0BE94 /* CultureRelicCache.swift in Sources */,
				7ECB5C2827F325AE00D37D27 /* IntroduceObjectViewController.swift in Sources */,
				A1CD630C2803E63D006C56EC /* CollectionRecordVerticalView.swift in Sources */,
				7E9182FE27F46AB200F692C3 /* EditDataViewController.swift in Sources */,
				7EADA7D527F5C9CC0044FB28 /* CommodityCellModel.swift in Sources */,
				A1CD63132803E63D006C56EC /* ShowVRViewController.swift in Sources */,
				7E50C44327F1963A0041BA4C /* CityViewController.swift in Sources */,
				3FC1466C27FDB7B60064CBF8 /* PurchaseQuantityCell.swift in Sources */,
				7ECB5C2627F2EDF800D37D27 /* IdiomWordCollectionViewCell.swift in Sources */,
				3FC1466627FDB7950064CBF8 /* OrderViewController.swift in Sources */,
				A1CD63162803E63D006C56EC /* VREntryViewController.swift in Sources */,
				7EADA7DB27F5C9D80044FB28 /* CommodityCell.swift in Sources */,
				A1CD630E2803E63D006C56EC /* Question.swift in Sources */,
				A1CD63112803E63D006C56EC /* Overlay.swift in Sources */,
				7EADA7D427F5C9CC0044FB28 /* Commodity.swift in Sources */,
				3F6810F228059BEF0039A6B7 /* CultureRelic.swift in Sources */,
				3F6810F128059BEF0039A6B7 /* Introduce.swift in Sources */,
			);
			runOnlyForDeploymentPostprocessing = 0;
		};
/* End PBXSourcesBuildPhase section */

/* Begin XCBuildConfiguration section */
		A165678D27E57B0700F81F7C /* Debug */ = {
			isa = XCBuildConfiguration;
			buildSettings = {
				ALWAYS_SEARCH_USER_PATHS = NO;
				CLANG_ANALYZER_NONNULL = YES;
				CLANG_ANALYZER_NUMBER_OBJECT_CONVERSION = YES_AGGRESSIVE;
				CLANG_CXX_LANGUAGE_STANDARD = "gnu++17";
				CLANG_CXX_LIBRARY = "libc++";
				CLANG_ENABLE_MODULES = YES;
				CLANG_ENABLE_OBJC_ARC = YES;
				CLANG_ENABLE_OBJC_WEAK = YES;
				CLANG_WARN_BLOCK_CAPTURE_AUTORELEASING = YES;
				CLANG_WARN_BOOL_CONVERSION = YES;
				CLANG_WARN_COMMA = YES;
				CLANG_WARN_CONSTANT_CONVERSION = YES;
				CLANG_WARN_DEPRECATED_OBJC_IMPLEMENTATIONS = YES;
				CLANG_WARN_DIRECT_OBJC_ISA_USAGE = YES_ERROR;
				CLANG_WARN_DOCUMENTATION_COMMENTS = YES;
				CLANG_WARN_EMPTY_BODY = YES;
				CLANG_WARN_ENUM_CONVERSION = YES;
				CLANG_WARN_INFINITE_RECURSION = YES;
				CLANG_WARN_INT_CONVERSION = YES;
				CLANG_WARN_NON_LITERAL_NULL_CONVERSION = YES;
				CLANG_WARN_OBJC_IMPLICIT_RETAIN_SELF = YES;
				CLANG_WARN_OBJC_LITERAL_CONVERSION = YES;
				CLANG_WARN_OBJC_ROOT_CLASS = YES_ERROR;
				CLANG_WARN_QUOTED_INCLUDE_IN_FRAMEWORK_HEADER = YES;
				CLANG_WARN_RANGE_LOOP_ANALYSIS = YES;
				CLANG_WARN_STRICT_PROTOTYPES = YES;
				CLANG_WARN_SUSPICIOUS_MOVE = YES;
				CLANG_WARN_UNGUARDED_AVAILABILITY = YES_AGGRESSIVE;
				CLANG_WARN_UNREACHABLE_CODE = YES;
				CLANG_WARN__DUPLICATE_METHOD_MATCH = YES;
				COPY_PHASE_STRIP = NO;
				DEBUG_INFORMATION_FORMAT = dwarf;
				ENABLE_STRICT_OBJC_MSGSEND = YES;
				ENABLE_TESTABILITY = YES;
				GCC_C_LANGUAGE_STANDARD = gnu11;
				GCC_DYNAMIC_NO_PIC = NO;
				GCC_NO_COMMON_BLOCKS = YES;
				GCC_OPTIMIZATION_LEVEL = 0;
				GCC_PREPROCESSOR_DEFINITIONS = (
					"DEBUG=1",
					"$(inherited)",
				);
				GCC_WARN_64_TO_32_BIT_CONVERSION = YES;
				GCC_WARN_ABOUT_RETURN_TYPE = YES_ERROR;
				GCC_WARN_UNDECLARED_SELECTOR = YES;
				GCC_WARN_UNINITIALIZED_AUTOS = YES_AGGRESSIVE;
				GCC_WARN_UNUSED_FUNCTION = YES;
				GCC_WARN_UNUSED_VARIABLE = YES;
				IPHONEOS_DEPLOYMENT_TARGET = 13.0;
				MTL_ENABLE_DEBUG_INFO = INCLUDE_SOURCE;
				MTL_FAST_MATH = YES;
				ONLY_ACTIVE_ARCH = YES;
				SDKROOT = iphoneos;
				SWIFT_ACTIVE_COMPILATION_CONDITIONS = DEBUG;
				SWIFT_OPTIMIZATION_LEVEL = "-Onone";
			};
			name = Debug;
		};
		A165678E27E57B0700F81F7C /* Release */ = {
			isa = XCBuildConfiguration;
			buildSettings = {
				ALWAYS_SEARCH_USER_PATHS = NO;
				CLANG_ANALYZER_NONNULL = YES;
				CLANG_ANALYZER_NUMBER_OBJECT_CONVERSION = YES_AGGRESSIVE;
				CLANG_CXX_LANGUAGE_STANDARD = "gnu++17";
				CLANG_CXX_LIBRARY = "libc++";
				CLANG_ENABLE_MODULES = YES;
				CLANG_ENABLE_OBJC_ARC = YES;
				CLANG_ENABLE_OBJC_WEAK = YES;
				CLANG_WARN_BLOCK_CAPTURE_AUTORELEASING = YES;
				CLANG_WARN_BOOL_CONVERSION = YES;
				CLANG_WARN_COMMA = YES;
				CLANG_WARN_CONSTANT_CONVERSION = YES;
				CLANG_WARN_DEPRECATED_OBJC_IMPLEMENTATIONS = YES;
				CLANG_WARN_DIRECT_OBJC_ISA_USAGE = YES_ERROR;
				CLANG_WARN_DOCUMENTATION_COMMENTS = YES;
				CLANG_WARN_EMPTY_BODY = YES;
				CLANG_WARN_ENUM_CONVERSION = YES;
				CLANG_WARN_INFINITE_RECURSION = YES;
				CLANG_WARN_INT_CONVERSION = YES;
				CLANG_WARN_NON_LITERAL_NULL_CONVERSION = YES;
				CLANG_WARN_OBJC_IMPLICIT_RETAIN_SELF = YES;
				CLANG_WARN_OBJC_LITERAL_CONVERSION = YES;
				CLANG_WARN_OBJC_ROOT_CLASS = YES_ERROR;
				CLANG_WARN_QUOTED_INCLUDE_IN_FRAMEWORK_HEADER = YES;
				CLANG_WARN_RANGE_LOOP_ANALYSIS = YES;
				CLANG_WARN_STRICT_PROTOTYPES = YES;
				CLANG_WARN_SUSPICIOUS_MOVE = YES;
				CLANG_WARN_UNGUARDED_AVAILABILITY = YES_AGGRESSIVE;
				CLANG_WARN_UNREACHABLE_CODE = YES;
				CLANG_WARN__DUPLICATE_METHOD_MATCH = YES;
				COPY_PHASE_STRIP = NO;
				DEBUG_INFORMATION_FORMAT = "dwarf-with-dsym";
				ENABLE_NS_ASSERTIONS = NO;
				ENABLE_STRICT_OBJC_MSGSEND = YES;
				GCC_C_LANGUAGE_STANDARD = gnu11;
				GCC_NO_COMMON_BLOCKS = YES;
				GCC_WARN_64_TO_32_BIT_CONVERSION = YES;
				GCC_WARN_ABOUT_RETURN_TYPE = YES_ERROR;
				GCC_WARN_UNDECLARED_SELECTOR = YES;
				GCC_WARN_UNINITIALIZED_AUTOS = YES_AGGRESSIVE;
				GCC_WARN_UNUSED_FUNCTION = YES;
				GCC_WARN_UNUSED_VARIABLE = YES;
				IPHONEOS_DEPLOYMENT_TARGET = 13.0;
				MTL_ENABLE_DEBUG_INFO = NO;
				MTL_FAST_MATH = YES;
				SDKROOT = iphoneos;
				SWIFT_COMPILATION_MODE = wholemodule;
				SWIFT_OPTIMIZATION_LEVEL = "-O";
				VALIDATE_PRODUCT = YES;
			};
			name = Release;
		};
		A165679027E57B0700F81F7C /* Debug */ = {
			isa = XCBuildConfiguration;
			baseConfigurationReference = 0078B132562A23C835A83FD5 /* Pods-SilkRoad.debug.xcconfig */;
			buildSettings = {
				ASSETCATALOG_COMPILER_APPICON_NAME = AppIcon;
				ASSETCATALOG_COMPILER_GLOBAL_ACCENT_COLOR_NAME = AccentColor;
				CODE_SIGN_STYLE = Automatic;
				CURRENT_PROJECT_VERSION = 1;
				DEVELOPMENT_TEAM = S766NNL3LC;
				GENERATE_INFOPLIST_FILE = YES;
				INFOPLIST_FILE = SilkRoad/Info.plist;
				INFOPLIST_KEY_UIApplicationSupportsIndirectInputEvents = YES;
				INFOPLIST_KEY_UILaunchStoryboardName = LaunchScreen;
				INFOPLIST_KEY_UIMainStoryboardFile = Main;
				INFOPLIST_KEY_UISupportedInterfaceOrientations_iPad = "UIInterfaceOrientationPortrait UIInterfaceOrientationPortraitUpsideDown UIInterfaceOrientationLandscapeLeft UIInterfaceOrientationLandscapeRight";
				INFOPLIST_KEY_UISupportedInterfaceOrientations_iPhone = "UIInterfaceOrientationPortrait UIInterfaceOrientationLandscapeLeft UIInterfaceOrientationLandscapeRight";
				IPHONEOS_DEPLOYMENT_TARGET = 13.1;
				LD_RUNPATH_SEARCH_PATHS = (
					"$(inherited)",
					"@executable_path/Frameworks",
				);
				MARKETING_VERSION = 1.0;
				PRODUCT_BUNDLE_IDENTIFIER = com.xxx.SilkRoad;
				PRODUCT_NAME = "$(TARGET_NAME)";
				SWIFT_EMIT_LOC_STRINGS = YES;
				SWIFT_VERSION = 5.0;
				TARGETED_DEVICE_FAMILY = "1,2";
			};
			name = Debug;
		};
		A165679127E57B0700F81F7C /* Release */ = {
			isa = XCBuildConfiguration;
			baseConfigurationReference = C6612F10E5D61C2F4DE7F960 /* Pods-SilkRoad.release.xcconfig */;
			buildSettings = {
				ASSETCATALOG_COMPILER_APPICON_NAME = AppIcon;
				ASSETCATALOG_COMPILER_GLOBAL_ACCENT_COLOR_NAME = AccentColor;
				CODE_SIGN_STYLE = Automatic;
				CURRENT_PROJECT_VERSION = 1;
				DEVELOPMENT_TEAM = S766NNL3LC;
				GENERATE_INFOPLIST_FILE = YES;
				INFOPLIST_FILE = SilkRoad/Info.plist;
				INFOPLIST_KEY_UIApplicationSupportsIndirectInputEvents = YES;
				INFOPLIST_KEY_UILaunchStoryboardName = LaunchScreen;
				INFOPLIST_KEY_UIMainStoryboardFile = Main;
				INFOPLIST_KEY_UISupportedInterfaceOrientations_iPad = "UIInterfaceOrientationPortrait UIInterfaceOrientationPortraitUpsideDown UIInterfaceOrientationLandscapeLeft UIInterfaceOrientationLandscapeRight";
				INFOPLIST_KEY_UISupportedInterfaceOrientations_iPhone = "UIInterfaceOrientationPortrait UIInterfaceOrientationLandscapeLeft UIInterfaceOrientationLandscapeRight";
				IPHONEOS_DEPLOYMENT_TARGET = 13.1;
				LD_RUNPATH_SEARCH_PATHS = (
					"$(inherited)",
					"@executable_path/Frameworks",
				);
				MARKETING_VERSION = 1.0;
				PRODUCT_BUNDLE_IDENTIFIER = com.xxx.SilkRoad;
				PRODUCT_NAME = "$(TARGET_NAME)";
				SWIFT_EMIT_LOC_STRINGS = YES;
				SWIFT_VERSION = 5.0;
				TARGETED_DEVICE_FAMILY = "1,2";
			};
			name = Release;
		};
/* End XCBuildConfiguration section */

/* Begin XCConfigurationList section */
		A165677627E57B0500F81F7C /* Build configuration list for PBXProject "SilkRoad" */ = {
			isa = XCConfigurationList;
			buildConfigurations = (
				A165678D27E57B0700F81F7C /* Debug */,
				A165678E27E57B0700F81F7C /* Release */,
			);
			defaultConfigurationIsVisible = 0;
			defaultConfigurationName = Release;
		};
		A165678F27E57B0700F81F7C /* Build configuration list for PBXNativeTarget "SilkRoad" */ = {
			isa = XCConfigurationList;
			buildConfigurations = (
				A165679027E57B0700F81F7C /* Debug */,
				A165679127E57B0700F81F7C /* Release */,
			);
			defaultConfigurationIsVisible = 0;
			defaultConfigurationName = Release;
		};
/* End XCConfigurationList section */
	};
	rootObject = A165677327E57B0500F81F7C /* Project object */;
}
