PODS:
  - Alamofire (5.2.2)
  - Eureka (5.3.4)
  - HandyJSON (5.0.2)
  - SnapKit (5.0.1)
  - SwiftyJSON (5.0.1)

DEPENDENCIES:
  - Alamofire (~> 5.2.0)
  - Eureka
  - HandyJSON (~> 5.0.2)
  - SnapKit
  - SwiftyJSON

SPEC REPOS:
  trunk:
    - Alamofire
    - Eureka
    - HandyJSON
    - SnapKit
    - SwiftyJSON

SPEC CHECKSUMS:
  Alamofire: 814429acc853c6c54ff123fc3d2ef66803823ce0
  Eureka: 60cf058f86a8fb3ed26165ba5292b9850361b0a6
  HandyJSON: 9e4e236f5d2dbefad5155a77417bbea438201c03
  SnapKit: 97b92857e3df3a0c71833cce143274bf6ef8e5eb
  SwiftyJSON: 2f33a42c6fbc52764d96f13368585094bfd8aa5e

PODFILE CHECKSUM: 9f2d786f0f113cda40bd919ff10b2284fd599216

COCOAPODS: 1.11.3
